
Microsoft Visual Studio Solution File, Format Version 12.00
# Visual Studio Version 16
VisualStudioVersion = 16.0.29709.97
MinimumVisualStudioVersion = 10.0.40219.1
Project("{FAE04EC0-301F-11D3-BF4B-00C04F79EFBC}") = "Gradebook", "Gradebook.csproj", "{C102AC14-E4C5-46C5-A0E6-C282C7D262F3}"
EndProject
Global
	GlobalSection(SolutionConfigurationPlatforms) = preSolution
		Debug|Any CPU = Debug|Any CPU
		Release|Any CPU = Release|Any CPU
	EndGlobalSection
	GlobalSection(ProjectConfigurationPlatforms) = postSolution
		{C102AC14-E4C5-46C5-A0E6-C282C7D262F3}.Debug|Any CPU.ActiveCfg = Debug|Any CPU
		{C102AC14-E4C5-46C5-A0E6-C282C7D262F3}.Debug|Any CPU.Build.0 = Debug|Any CPU
		{C102AC14-E4C5-46C5-A0E6-C282C7D262F3}.Release|Any CPU.ActiveCfg = Release|Any CPU
		{C102AC14-E4C5-46C5-A0E6-C282C7D262F3}.Release|Any CPU.Build.0 = Release|Any CPU
	EndGlobalSection
	GlobalSection(SolutionProperties) = preSolution
		HideSolutionNode = FALSE
	EndGlobalSection
	GlobalSection(ExtensibilityGlobals) = postSolution
		SolutionGuid = {819B7975-37EB-47B7-8AB0-DDB5650FE430}
	EndGlobalSection
EndGlobal
