
Microsoft Visual Studio Solution File, Format Version 12.00
# Visual Studio Version 16
VisualStudioVersion = 16.0.29728.190
MinimumVisualStudioVersion = 10.0.40219.1
Project("{FAE04EC0-301F-11D3-BF4B-00C04F79EFBC}") = "CarLot", "CarLot.csproj", "{6B266548-C4AA-4EF6-9966-56512C3978DE}"
EndProject
Global
	GlobalSection(SolutionConfigurationPlatforms) = preSolution
		Debug|Any CPU = Debug|Any CPU
		Release|Any CPU = Release|Any CPU
	EndGlobalSection
	GlobalSection(ProjectConfigurationPlatforms) = postSolution
		{6B266548-C4AA-4EF6-9966-56512C3978DE}.Debug|Any CPU.ActiveCfg = Debug|Any CPU
		{6B266548-C4AA-4EF6-9966-56512C3978DE}.Debug|Any CPU.Build.0 = Debug|Any CPU
		{6B266548-C4AA-4EF6-9966-56512C3978DE}.Release|Any CPU.ActiveCfg = Release|Any CPU
		{6B266548-C4AA-4EF6-9966-56512C3978DE}.Release|Any CPU.Build.0 = Release|Any CPU
	EndGlobalSection
	GlobalSection(SolutionProperties) = preSolution
		HideSolutionNode = FALSE
	EndGlobalSection
	GlobalSection(ExtensibilityGlobals) = postSolution
		SolutionGuid = {C31E938D-E588-4385-BF46-E17921E5B1D3}
	EndGlobalSection
EndGlobal
